{
  "name": "npm-tutorial",
  "version": "1.0.0",
  "lockfileVersion": 1,
  "requires": true,
  "dependencies": {
    "shuffle-array": {
      "version": "0.1.1",
      "resolved": "https://registry.npmjs.org/shuffle-array/-/shuffle-array-0.1.1.tgz",
      "integrity": "sha1-BzylTsLbePzPAtO32thGlP2ng4g="
    }
  }
}
